// !$*UTF8*$!
{
	archiveVersion = 1;
	classes = {
	};
	objectVersion = 46;
	objects = {

/* Begin PBXBuildFile section */
		9E2434DF157FD0A700F43B96 /* MessageUI.framework in Frameworks */ = {isa = PBXBuildFile; fileRef = 9E2434DE157FD0A700F43B96 /* MessageUI.framework */; };
		9E5177151652C620009A339A /* Default-568h@2x.png in Resources */ = {isa = PBXBuildFile; fileRef = 9E5177131652C0C6009A339A /* Default-568h@2x.png */; };
		9E6303E015D97E8E00E7BC66 /* MBProgressHUD.m in Sources */ = {isa = PBXBuildFile; fileRef = 9E63038215D97E8E00E7BC66 /* MBProgressHUD.m */; settings = {COMPILER_FLAGS = "-fno-objc-arc"; }; };
		9E6303E115D97E8E00E7BC66 /* YDPLogin.m in Sources */ = {isa = PBXBuildFile; fileRef = 9E63038415D97E8E00E7BC66 /* YDPLogin.m */; settings = {COMPILER_FLAGS = "-fno-objc-arc"; }; };
		9E6303E215D97E8E00E7BC66 /* YDPLogin.xib in Resources */ = {isa = PBXBuildFile; fileRef = 9E63038515D97E8E00E7BC66 /* YDPLogin.xib */; };
		9E6303E315D97E8E00E7BC66 /* YDPCarePlanViewController.m in Sources */ = {isa = PBXBuildFile; fileRef = 9E63038715D97E8E00E7BC66 /* YDPCarePlanViewController.m */; settings = {COMPILER_FLAGS = "-fno-objc-arc"; }; };
		9E6303E415D97E8E00E7BC66 /* YDPCarePlanViewController.xib in Resources */ = {isa = PBXBuildFile; fileRef = 9E63038815D97E8E00E7BC66 /* YDPCarePlanViewController.xib */; };
		9E6303E515D97E8E00E7BC66 /* InfoPlist.strings in Resources */ = {isa = PBXBuildFile; fileRef = 9E63038915D97E8E00E7BC66 /* InfoPlist.strings */; };
		9E6303E615D97E8E00E7BC66 /* YDPViewController.xib in Resources */ = {isa = PBXBuildFile; fileRef = 9E63038B15D97E8E00E7BC66 /* YDPViewController.xib */; };
		9E6303E715D97E8E00E7BC66 /* all.png in Resources */ = {isa = PBXBuildFile; fileRef = 9E63038E15D97E8E00E7BC66 /* all.png */; };
		9E6303E815D97E8E00E7BC66 /* app_icon.png in Resources */ = {isa = PBXBuildFile; fileRef = 9E63038F15D97E8E00E7BC66 /* app_icon.png */; };
		9E6303E915D97E8E00E7BC66 /* app_icon@2x.png in Resources */ = {isa = PBXBuildFile; fileRef = 9E63039015D97E8E00E7BC66 /* app_icon@2x.png */; };
		9E6303EA15D97E8E00E7BC66 /* background_image.png in Resources */ = {isa = PBXBuildFile; fileRef = 9E63039115D97E8E00E7BC66 /* background_image.png */; };
		9E6303EB15D97E8E00E7BC66 /* background_image@2x.png in Resources */ = {isa = PBXBuildFile; fileRef = 9E63039215D97E8E00E7BC66 /* background_image@2x.png */; };
		9E6303EC15D97E8E00E7BC66 /* Default.png in Resources */ = {isa = PBXBuildFile; fileRef = 9E63039315D97E8E00E7BC66 /* Default.png */; };
		9E6303ED15D97E8E00E7BC66 /* Default@2x.png in Resources */ = {isa = PBXBuildFile; fileRef = 9E63039415D97E8E00E7BC66 /* Default@2x.png */; };
		9E6303EE15D97E8E00E7BC66 /* faves.png in Resources */ = {isa = PBXBuildFile; fileRef = 9E63039515D97E8E00E7BC66 /* faves.png */; };
		9E6303EF15D97E8E00E7BC66 /* launch_image.png in Resources */ = {isa = PBXBuildFile; fileRef = 9E63039615D97E8E00E7BC66 /* launch_image.png */; };
		9E6303F015D97E8E00E7BC66 /* launch_image@2x.png in Resources */ = {isa = PBXBuildFile; fileRef = 9E63039715D97E8E00E7BC66 /* launch_image@2x.png */; };
		9E6303F115D97E8E00E7BC66 /* tab_icon.png in Resources */ = {isa = PBXBuildFile; fileRef = 9E63039815D97E8E00E7BC66 /* tab_icon.png */; };
		9E6303F215D97E8E00E7BC66 /* tab_icon@2x.png in Resources */ = {isa = PBXBuildFile; fileRef = 9E63039915D97E8E00E7BC66 /* tab_icon@2x.png */; };
		9E6303F315D97E8E00E7BC66 /* main.m in Sources */ = {isa = PBXBuildFile; fileRef = 9E63039A15D97E8E00E7BC66 /* main.m */; settings = {COMPILER_FLAGS = "-fno-objc-arc"; }; };
		9E6303F415D97E8E00E7BC66 /* MKMapView+ZoomLevel.m in Sources */ = {isa = PBXBuildFile; fileRef = 9E63039C15D97E8E00E7BC66 /* MKMapView+ZoomLevel.m */; settings = {COMPILER_FLAGS = "-fno-objc-arc"; }; };
		9E6303F515D97E8E00E7BC66 /* PatientModel.m in Sources */ = {isa = PBXBuildFile; fileRef = 9E63039F15D97E8E00E7BC66 /* PatientModel.m */; settings = {COMPILER_FLAGS = "-fno-objc-arc"; }; };
		9E6303F615D97E8E00E7BC66 /* PhysicionModel.m in Sources */ = {isa = PBXBuildFile; fileRef = 9E6303A115D97E8E00E7BC66 /* PhysicionModel.m */; settings = {COMPILER_FLAGS = "-fno-objc-arc"; }; };
		9E6303F715D97E8E00E7BC66 /* YDPDataModel.m in Sources */ = {isa = PBXBuildFile; fileRef = 9E6303A315D97E8E00E7BC66 /* YDPDataModel.m */; settings = {COMPILER_FLAGS = "-fno-objc-arc"; }; };
		9E6303FD15D97E8E00E7BC66 /* Cipher.m in Sources */ = {isa = PBXBuildFile; fileRef = 9E6303AF15D97E8E00E7BC66 /* Cipher.m */; settings = {COMPILER_FLAGS = "-fno-objc-arc"; }; };
		9E6303FE15D97E8E00E7BC66 /* NSData+Base64.m in Sources */ = {isa = PBXBuildFile; fileRef = 9E6303B115D97E8E00E7BC66 /* NSData+Base64.m */; settings = {COMPILER_FLAGS = "-fno-objc-arc"; }; };
		9E6303FF15D97E8E00E7BC66 /* AutoScrollLabel.m in Sources */ = {isa = PBXBuildFile; fileRef = 9E6303B315D97E8E00E7BC66 /* AutoScrollLabel.m */; settings = {COMPILER_FLAGS = "-fno-objc-arc"; }; };
		9E63040015D97E8E00E7BC66 /* NSObject+SBJSON.m in Sources */ = {isa = PBXBuildFile; fileRef = 9E6303B715D97E8E00E7BC66 /* NSObject+SBJSON.m */; };
		9E63040115D97E8E00E7BC66 /* NSString+SBJSON.m in Sources */ = {isa = PBXBuildFile; fileRef = 9E6303B915D97E8E00E7BC66 /* NSString+SBJSON.m */; };
		9E63040215D97E8E00E7BC66 /* SBJSON.m in Sources */ = {isa = PBXBuildFile; fileRef = 9E6303BB15D97E8E00E7BC66 /* SBJSON.m */; settings = {COMPILER_FLAGS = "-fno-objc-arc"; }; };
		9E63040315D97E8E00E7BC66 /* SBJsonBase.m in Sources */ = {isa = PBXBuildFile; fileRef = 9E6303BD15D97E8E00E7BC66 /* SBJsonBase.m */; settings = {COMPILER_FLAGS = "-fno-objc-arc"; }; };
		9E63040415D97E8E00E7BC66 /* SBJsonParser.m in Sources */ = {isa = PBXBuildFile; fileRef = 9E6303BF15D97E8E00E7BC66 /* SBJsonParser.m */; settings = {COMPILER_FLAGS = "-fno-objc-arc"; }; };
		9E63040515D97E8E00E7BC66 /* SBJsonWriter.m in Sources */ = {isa = PBXBuildFile; fileRef = 9E6303C115D97E8E00E7BC66 /* SBJsonWriter.m */; settings = {COMPILER_FLAGS = "-fno-objc-arc"; }; };
		9E63040615D97E8E00E7BC66 /* YDPAppDelegate.m in Sources */ = {isa = PBXBuildFile; fileRef = 9E6303C315D97E8E00E7BC66 /* YDPAppDelegate.m */; settings = {COMPILER_FLAGS = "-fno-objc-arc"; }; };
		9E63040715D97E8E00E7BC66 /* YDPViewController.m in Sources */ = {isa = PBXBuildFile; fileRef = 9E6303C515D97E8E00E7BC66 /* YDPViewController.m */; settings = {COMPILER_FLAGS = "-fno-objc-arc"; }; };
		9E63040815D97E8E00E7BC66 /* libzbar.a in Frameworks */ = {isa = PBXBuildFile; fileRef = 9E6303DE15D97E8E00E7BC66 /* libzbar.a */; };
		9EA6CDF91607B4C900396518 /* CarePlaneModel.m in Sources */ = {isa = PBXBuildFile; fileRef = 9EA6CDF81607B4C900396518 /* CarePlaneModel.m */; };
		9EA6CDFC1607B52000396518 /* Diagnosis.m in Sources */ = {isa = PBXBuildFile; fileRef = 9EA6CDFB1607B52000396518 /* Diagnosis.m */; };
		9EA6CDFF1607B61800396518 /* DetailDiagnosis.m in Sources */ = {isa = PBXBuildFile; fileRef = 9EA6CDFE1607B61800396518 /* DetailDiagnosis.m */; };
		9EC143A816EC453F003F1166 /* YDPHelpViewController.m in Sources */ = {isa = PBXBuildFile; fileRef = 9EC143A616EC453F003F1166 /* YDPHelpViewController.m */; };
		9EC143A916EC453F003F1166 /* YDPHelpViewController.xib in Resources */ = {isa = PBXBuildFile; fileRef = 9EC143A716EC453F003F1166 /* YDPHelpViewController.xib */; };
		9EC143AD16EC9AC5003F1166 /* YDPWebUtil.js in Sources */ = {isa = PBXBuildFile; fileRef = 9EC143AC16EC9AC5003F1166 /* YDPWebUtil.js */; };
		9EC143AE16EC9F95003F1166 /* YDPWebUtil.js in Resources */ = {isa = PBXBuildFile; fileRef = 9EC143AC16EC9AC5003F1166 /* YDPWebUtil.js */; };
		9ED250B016ECEDF8000DF2EF /* Active.png in Resources */ = {isa = PBXBuildFile; fileRef = 9ED250AE16ECEDF8000DF2EF /* Active.png */; };
		9ED250B116ECEDF8000DF2EF /* Inactive.png in Resources */ = {isa = PBXBuildFile; fileRef = 9ED250AF16ECEDF8000DF2EF /* Inactive.png */; };
		9EE03ADB157E68290000FF3C /* CoreLocation.framework in Frameworks */ = {isa = PBXBuildFile; fileRef = 9EE03ADA157E68290000FF3C /* CoreLocation.framework */; };
		9EE03ADE157E68330000FF3C /* MapKit.framework in Frameworks */ = {isa = PBXBuildFile; fileRef = 9EE03ADD157E68330000FF3C /* MapKit.framework */; };
		9EEF33A2157B38CB00879458 /* UIKit.framework in Frameworks */ = {isa = PBXBuildFile; fileRef = 9EEF33A1157B38CB00879458 /* UIKit.framework */; };
		9EEF33A4157B38CB00879458 /* Foundation.framework in Frameworks */ = {isa = PBXBuildFile; fileRef = 9EEF33A3157B38CB00879458 /* Foundation.framework */; };
		9EEF33A6157B38CB00879458 /* CoreGraphics.framework in Frameworks */ = {isa = PBXBuildFile; fileRef = 9EEF33A5157B38CB00879458 /* CoreGraphics.framework */; };
		9EEF3466157BD44100879458 /* QuartzCore.framework in Frameworks */ = {isa = PBXBuildFile; fileRef = 9EEF3465157BD44100879458 /* QuartzCore.framework */; };
		9EEF3468157BD45400879458 /* CoreMedia.framework in Frameworks */ = {isa = PBXBuildFile; fileRef = 9EEF3467157BD45300879458 /* CoreMedia.framework */; };
		9EEF346A157BD46300879458 /* CoreVideo.framework in Frameworks */ = {isa = PBXBuildFile; fileRef = 9EEF3469157BD46300879458 /* CoreVideo.framework */; };
		9EEF346C157BD47D00879458 /* AVFoundation.framework in Frameworks */ = {isa = PBXBuildFile; fileRef = 9EEF346B157BD47D00879458 /* AVFoundation.framework */; };
		9EEF346E157BD49500879458 /* libiconv.dylib in Frameworks */ = {isa = PBXBuildFile; fileRef = 9EEF346D157BD49500879458 /* libiconv.dylib */; };
/* End PBXBuildFile section */

/* Begin PBXFileReference section */
		9E2434DE157FD0A700F43B96 /* MessageUI.framework */ = {isa = PBXFileReference; lastKnownFileType = wrapper.framework; name = MessageUI.framework; path = System/Library/Frameworks/MessageUI.framework; sourceTree = SDKROOT; };
		9E5177111652C03F009A339A /* Default-568h@2x.png */ = {isa = PBXFileReference; lastKnownFileType = image.png; path = "Default-568h@2x.png"; sourceTree = "<group>"; };
		9E5177131652C0C6009A339A /* Default-568h@2x.png */ = {isa = PBXFileReference; lastKnownFileType = image.png; path = "Default-568h@2x.png"; sourceTree = "<group>"; };
		9E63038115D97E8E00E7BC66 /* MBProgressHUD.h */ = {isa = PBXFileReference; fileEncoding = 4; lastKnownFileType = sourcecode.c.h; name = MBProgressHUD.h; path = ../CarePlan/MBProgressHUD.h; sourceTree = "<group>"; };
		9E63038215D97E8E00E7BC66 /* MBProgressHUD.m */ = {isa = PBXFileReference; fileEncoding = 4; lastKnownFileType = sourcecode.c.objc; name = MBProgressHUD.m; path = ../CarePlan/MBProgressHUD.m; sourceTree = "<group>"; };
		9E63038315D97E8E00E7BC66 /* YDPLogin.h */ = {isa = PBXFileReference; fileEncoding = 4; lastKnownFileType = sourcecode.c.h; path = YDPLogin.h; sourceTree = "<group>"; };
		9E63038415D97E8E00E7BC66 /* YDPLogin.m */ = {isa = PBXFileReference; fileEncoding = 4; lastKnownFileType = sourcecode.c.objc; path = YDPLogin.m; sourceTree = "<group>"; };
		9E63038515D97E8E00E7BC66 /* YDPLogin.xib */ = {isa = PBXFileReference; fileEncoding = 4; lastKnownFileType = file.xib; path = YDPLogin.xib; sourceTree = "<group>"; };
		9E63038615D97E8E00E7BC66 /* YDPCarePlanViewController.h */ = {isa = PBXFileReference; fileEncoding = 4; lastKnownFileType = sourcecode.c.h; path = YDPCarePlanViewController.h; sourceTree = "<group>"; };
		9E63038715D97E8E00E7BC66 /* YDPCarePlanViewController.m */ = {isa = PBXFileReference; fileEncoding = 4; lastKnownFileType = sourcecode.c.objc; path = YDPCarePlanViewController.m; sourceTree = "<group>"; };
		9E63038815D97E8E00E7BC66 /* YDPCarePlanViewController.xib */ = {isa = PBXFileReference; fileEncoding = 4; lastKnownFileType = file.xib; path = YDPCarePlanViewController.xib; sourceTree = "<group>"; };
		9E63038A15D97E8E00E7BC66 /* en */ = {isa = PBXFileReference; lastKnownFileType = text.plist.strings; name = en; path = en.lproj/InfoPlist.strings; sourceTree = "<group>"; };
		9E63038C15D97E8E00E7BC66 /* en */ = {isa = PBXFileReference; lastKnownFileType = file.xib; name = en; path = en.lproj/YDPViewController.xib; sourceTree = "<group>"; };
		9E63038E15D97E8E00E7BC66 /* all.png */ = {isa = PBXFileReference; lastKnownFileType = image.png; path = all.png; sourceTree = "<group>"; };
		9E63038F15D97E8E00E7BC66 /* app_icon.png */ = {isa = PBXFileReference; lastKnownFileType = image.png; path = app_icon.png; sourceTree = "<group>"; };
		9E63039015D97E8E00E7BC66 /* app_icon@2x.png */ = {isa = PBXFileReference; lastKnownFileType = image.png; path = "app_icon@2x.png"; sourceTree = "<group>"; };
		9E63039115D97E8E00E7BC66 /* background_image.png */ = {isa = PBXFileReference; lastKnownFileType = image.png; path = background_image.png; sourceTree = "<group>"; };
		9E63039215D97E8E00E7BC66 /* background_image@2x.png */ = {isa = PBXFileReference; lastKnownFileType = image.png; path = "background_image@2x.png"; sourceTree = "<group>"; };
		9E63039315D97E8E00E7BC66 /* Default.png */ = {isa = PBXFileReference; lastKnownFileType = image.png; path = Default.png; sourceTree = "<group>"; };
		9E63039415D97E8E00E7BC66 /* Default@2x.png */ = {isa = PBXFileReference; lastKnownFileType = image.png; path = "Default@2x.png"; sourceTree = "<group>"; };
		9E63039515D97E8E00E7BC66 /* faves.png */ = {isa = PBXFileReference; lastKnownFileType = image.png; path = faves.png; sourceTree = "<group>"; };
		9E63039615D97E8E00E7BC66 /* launch_image.png */ = {isa = PBXFileReference; lastKnownFileType = image.png; path = launch_image.png; sourceTree = "<group>"; };
		9E63039715D97E8E00E7BC66 /* launch_image@2x.png */ = {isa = PBXFileReference; lastKnownFileType = image.png; path = "launch_image@2x.png"; sourceTree = "<group>"; };
		9E63039815D97E8E00E7BC66 /* tab_icon.png */ = {isa = PBXFileReference; lastKnownFileType = image.png; path = tab_icon.png; sourceTree = "<group>"; };
		9E63039915D97E8E00E7BC66 /* tab_icon@2x.png */ = {isa = PBXFileReference; lastKnownFileType = image.png; path = "tab_icon@2x.png"; sourceTree = "<group>"; };
		9E63039A15D97E8E00E7BC66 /* main.m */ = {isa = PBXFileReference; fileEncoding = 4; lastKnownFileType = sourcecode.c.objc; path = main.m; sourceTree = "<group>"; };
		9E63039B15D97E8E00E7BC66 /* MKMapView+ZoomLevel.h */ = {isa = PBXFileReference; fileEncoding = 4; lastKnownFileType = sourcecode.c.h; path = "MKMapView+ZoomLevel.h"; sourceTree = "<group>"; };
		9E63039C15D97E8E00E7BC66 /* MKMapView+ZoomLevel.m */ = {isa = PBXFileReference; fileEncoding = 4; lastKnownFileType = sourcecode.c.objc; path = "MKMapView+ZoomLevel.m"; sourceTree = "<group>"; };
		9E63039E15D97E8E00E7BC66 /* PatientModel.h */ = {isa = PBXFileReference; fileEncoding = 4; lastKnownFileType = sourcecode.c.h; path = PatientModel.h; sourceTree = "<group>"; };
		9E63039F15D97E8E00E7BC66 /* PatientModel.m */ = {isa = PBXFileReference; fileEncoding = 4; lastKnownFileType = sourcecode.c.objc; path = PatientModel.m; sourceTree = "<group>"; };
		9E6303A015D97E8E00E7BC66 /* PhysicionModel.h */ = {isa = PBXFileReference; fileEncoding = 4; lastKnownFileType = sourcecode.c.h; path = PhysicionModel.h; sourceTree = "<group>"; };
		9E6303A115D97E8E00E7BC66 /* PhysicionModel.m */ = {isa = PBXFileReference; fileEncoding = 4; lastKnownFileType = sourcecode.c.objc; path = PhysicionModel.m; sourceTree = "<group>"; };
		9E6303A215D97E8E00E7BC66 /* YDPDataModel.h */ = {isa = PBXFileReference; fileEncoding = 4; lastKnownFileType = sourcecode.c.h; path = YDPDataModel.h; sourceTree = "<group>"; };
		9E6303A315D97E8E00E7BC66 /* YDPDataModel.m */ = {isa = PBXFileReference; fileEncoding = 4; lastKnownFileType = sourcecode.c.objc; path = YDPDataModel.m; sourceTree = "<group>"; };
		9E6303A415D97E8E00E7BC66 /* NotifyYDP-Info.plist */ = {isa = PBXFileReference; fileEncoding = 4; lastKnownFileType = text.plist.xml; path = "NotifyYDP-Info.plist"; sourceTree = "<group>"; };
		9E6303A515D97E8E00E7BC66 /* NotifyYDP-Prefix.pch */ = {isa = PBXFileReference; fileEncoding = 4; lastKnownFileType = sourcecode.c.h; path = "NotifyYDP-Prefix.pch"; sourceTree = "<group>"; };
		9E6303AE15D97E8E00E7BC66 /* Cipher.h */ = {isa = PBXFileReference; fileEncoding = 4; lastKnownFileType = sourcecode.c.h; path = Cipher.h; sourceTree = "<group>"; };
		9E6303AF15D97E8E00E7BC66 /* Cipher.m */ = {isa = PBXFileReference; fileEncoding = 4; lastKnownFileType = sourcecode.c.objc; path = Cipher.m; sourceTree = "<group>"; };
		9E6303B015D97E8E00E7BC66 /* NSData+Base64.h */ = {isa = PBXFileReference; fileEncoding = 4; lastKnownFileType = sourcecode.c.h; path = "NSData+Base64.h"; sourceTree = "<group>"; };
		9E6303B115D97E8E00E7BC66 /* NSData+Base64.m */ = {isa = PBXFileReference; fileEncoding = 4; lastKnownFileType = sourcecode.c.objc; path = "NSData+Base64.m"; sourceTree = "<group>"; };
		9E6303B215D97E8E00E7BC66 /* AutoScrollLabel.h */ = {isa = PBXFileReference; fileEncoding = 4; lastKnownFileType = sourcecode.c.h; path = AutoScrollLabel.h; sourceTree = "<group>"; };
		9E6303B315D97E8E00E7BC66 /* AutoScrollLabel.m */ = {isa = PBXFileReference; fileEncoding = 4; lastKnownFileType = sourcecode.c.objc; path = AutoScrollLabel.m; sourceTree = "<group>"; };
		9E6303B515D97E8E00E7BC66 /* JSON.h */ = {isa = PBXFileReference; fileEncoding = 4; lastKnownFileType = sourcecode.c.h; path = JSON.h; sourceTree = "<group>"; };
		9E6303B615D97E8E00E7BC66 /* NSObject+SBJSON.h */ = {isa = PBXFileReference; fileEncoding = 4; lastKnownFileType = sourcecode.c.h; path = "NSObject+SBJSON.h"; sourceTree = "<group>"; };
		9E6303B715D97E8E00E7BC66 /* NSObject+SBJSON.m */ = {isa = PBXFileReference; fileEncoding = 4; lastKnownFileType = sourcecode.c.objc; path = "NSObject+SBJSON.m"; sourceTree = "<group>"; };
		9E6303B815D97E8E00E7BC66 /* NSString+SBJSON.h */ = {isa = PBXFileReference; fileEncoding = 4; lastKnownFileType = sourcecode.c.h; path = "NSString+SBJSON.h"; sourceTree = "<group>"; };
		9E6303B915D97E8E00E7BC66 /* NSString+SBJSON.m */ = {isa = PBXFileReference; fileEncoding = 4; lastKnownFileType = sourcecode.c.objc; path = "NSString+SBJSON.m"; sourceTree = "<group>"; };
		9E6303BA15D97E8E00E7BC66 /* SBJSON.h */ = {isa = PBXFileReference; fileEncoding = 4; lastKnownFileType = sourcecode.c.h; path = SBJSON.h; sourceTree = "<group>"; };
		9E6303BB15D97E8E00E7BC66 /* SBJSON.m */ = {isa = PBXFileReference; fileEncoding = 4; lastKnownFileType = sourcecode.c.objc; path = SBJSON.m; sourceTree = "<group>"; };
		9E6303BC15D97E8E00E7BC66 /* SBJsonBase.h */ = {isa = PBXFileReference; fileEncoding = 4; lastKnownFileType = sourcecode.c.h; path = SBJsonBase.h; sourceTree = "<group>"; };
		9E6303BD15D97E8E00E7BC66 /* SBJsonBase.m */ = {isa = PBXFileReference; fileEncoding = 4; lastKnownFileType = sourcecode.c.objc; path = SBJsonBase.m; sourceTree = "<group>"; };
		9E6303BE15D97E8E00E7BC66 /* SBJsonParser.h */ = {isa = PBXFileReference; fileEncoding = 4; lastKnownFileType = sourcecode.c.h; path = SBJsonParser.h; sourceTree = "<group>"; };
		9E6303BF15D97E8E00E7BC66 /* SBJsonParser.m */ = {isa = PBXFileReference; fileEncoding = 4; lastKnownFileType = sourcecode.c.objc; path = SBJsonParser.m; sourceTree = "<group>"; };
		9E6303C015D97E8E00E7BC66 /* SBJsonWriter.h */ = {isa = PBXFileReference; fileEncoding = 4; lastKnownFileType = sourcecode.c.h; path = SBJsonWriter.h; sourceTree = "<group>"; };
		9E6303C115D97E8E00E7BC66 /* SBJsonWriter.m */ = {isa = PBXFileReference; fileEncoding = 4; lastKnownFileType = sourcecode.c.objc; path = SBJsonWriter.m; sourceTree = "<group>"; };
		9E6303C215D97E8E00E7BC66 /* YDPAppDelegate.h */ = {isa = PBXFileReference; fileEncoding = 4; lastKnownFileType = sourcecode.c.h; path = YDPAppDelegate.h; sourceTree = "<group>"; };
		9E6303C315D97E8E00E7BC66 /* YDPAppDelegate.m */ = {isa = PBXFileReference; fileEncoding = 4; lastKnownFileType = sourcecode.c.objc; path = YDPAppDelegate.m; sourceTree = "<group>"; };
		9E6303C415D97E8E00E7BC66 /* YDPViewController.h */ = {isa = PBXFileReference; fileEncoding = 4; lastKnownFileType = sourcecode.c.h; path = YDPViewController.h; sourceTree = "<group>"; };
		9E6303C515D97E8E00E7BC66 /* YDPViewController.m */ = {isa = PBXFileReference; fileEncoding = 4; lastKnownFileType = sourcecode.c.objc; path = YDPViewController.m; sourceTree = "<group>"; };
		9E6303CA15D97E8E00E7BC66 /* Decoder.h */ = {isa = PBXFileReference; fileEncoding = 4; lastKnownFileType = sourcecode.c.h; path = Decoder.h; sourceTree = "<group>"; };
		9E6303CB15D97E8E00E7BC66 /* Exception.h */ = {isa = PBXFileReference; fileEncoding = 4; lastKnownFileType = sourcecode.c.h; path = Exception.h; sourceTree = "<group>"; };
		9E6303CC15D97E8E00E7BC66 /* Image.h */ = {isa = PBXFileReference; fileEncoding = 4; lastKnownFileType = sourcecode.c.h; path = Image.h; sourceTree = "<group>"; };
		9E6303CD15D97E8E00E7BC66 /* ImageScanner.h */ = {isa = PBXFileReference; fileEncoding = 4; lastKnownFileType = sourcecode.c.h; path = ImageScanner.h; sourceTree = "<group>"; };
		9E6303CE15D97E8E00E7BC66 /* Processor.h */ = {isa = PBXFileReference; fileEncoding = 4; lastKnownFileType = sourcecode.c.h; path = Processor.h; sourceTree = "<group>"; };
		9E6303CF15D97E8E00E7BC66 /* Scanner.h */ = {isa = PBXFileReference; fileEncoding = 4; lastKnownFileType = sourcecode.c.h; path = Scanner.h; sourceTree = "<group>"; };
		9E6303D015D97E8E00E7BC66 /* Symbol.h */ = {isa = PBXFileReference; fileEncoding = 4; lastKnownFileType = sourcecode.c.h; path = Symbol.h; sourceTree = "<group>"; };
		9E6303D115D97E8E00E7BC66 /* Video.h */ = {isa = PBXFileReference; fileEncoding = 4; lastKnownFileType = sourcecode.c.h; path = Video.h; sourceTree = "<group>"; };
		9E6303D215D97E8E00E7BC66 /* Window.h */ = {isa = PBXFileReference; fileEncoding = 4; lastKnownFileType = sourcecode.c.h; path = Window.h; sourceTree = "<group>"; };
		9E6303D315D97E8E00E7BC66 /* zbar.h */ = {isa = PBXFileReference; fileEncoding = 4; lastKnownFileType = sourcecode.c.h; path = zbar.h; sourceTree = "<group>"; };
		9E6303D415D97E8E00E7BC66 /* ZBarCameraSimulator.h */ = {isa = PBXFileReference; fileEncoding = 4; lastKnownFileType = sourcecode.c.h; path = ZBarCameraSimulator.h; sourceTree = "<group>"; };
		9E6303D515D97E8E00E7BC66 /* ZBarCaptureReader.h */ = {isa = PBXFileReference; fileEncoding = 4; lastKnownFileType = sourcecode.c.h; path = ZBarCaptureReader.h; sourceTree = "<group>"; };
		9E6303D615D97E8E00E7BC66 /* ZBarHelpController.h */ = {isa = PBXFileReference; fileEncoding = 4; lastKnownFileType = sourcecode.c.h; path = ZBarHelpController.h; sourceTree = "<group>"; };
		9E6303D715D97E8E00E7BC66 /* ZBarImage.h */ = {isa = PBXFileReference; fileEncoding = 4; lastKnownFileType = sourcecode.c.h; path = ZBarImage.h; sourceTree = "<group>"; };
		9E6303D815D97E8E00E7BC66 /* ZBarImageScanner.h */ = {isa = PBXFileReference; fileEncoding = 4; lastKnownFileType = sourcecode.c.h; path = ZBarImageScanner.h; sourceTree = "<group>"; };
		9E6303D915D97E8E00E7BC66 /* ZBarReaderController.h */ = {isa = PBXFileReference; fileEncoding = 4; lastKnownFileType = sourcecode.c.h; path = ZBarReaderController.h; sourceTree = "<group>"; };
		9E6303DA15D97E8E00E7BC66 /* ZBarReaderView.h */ = {isa = PBXFileReference; fileEncoding = 4; lastKnownFileType = sourcecode.c.h; path = ZBarReaderView.h; sourceTree = "<group>"; };
		9E6303DB15D97E8E00E7BC66 /* ZBarReaderViewController.h */ = {isa = PBXFileReference; fileEncoding = 4; lastKnownFileType = sourcecode.c.h; path = ZBarReaderViewController.h; sourceTree = "<group>"; };
		9E6303DC15D97E8E00E7BC66 /* ZBarSDK.h */ = {isa = PBXFileReference; fileEncoding = 4; lastKnownFileType = sourcecode.c.h; path = ZBarSDK.h; sourceTree = "<group>"; };
		9E6303DD15D97E8E00E7BC66 /* ZBarSymbol.h */ = {isa = PBXFileReference; fileEncoding = 4; lastKnownFileType = sourcecode.c.h; path = ZBarSymbol.h; sourceTree = "<group>"; };
		9E6303DE15D97E8E00E7BC66 /* libzbar.a */ = {isa = PBXFileReference; lastKnownFileType = archive.ar; path = libzbar.a; sourceTree = "<group>"; };
		9EA6CDF71607B4C900396518 /* CarePlaneModel.h */ = {isa = PBXFileReference; fileEncoding = 4; lastKnownFileType = sourcecode.c.h; path = CarePlaneModel.h; sourceTree = "<group>"; };
		9EA6CDF81607B4C900396518 /* CarePlaneModel.m */ = {isa = PBXFileReference; fileEncoding = 4; lastKnownFileType = sourcecode.c.objc; path = CarePlaneModel.m; sourceTree = "<group>"; };
		9EA6CDFA1607B52000396518 /* Diagnosis.h */ = {isa = PBXFileReference; fileEncoding = 4; lastKnownFileType = sourcecode.c.h; path = Diagnosis.h; sourceTree = "<group>"; };
		9EA6CDFB1607B52000396518 /* Diagnosis.m */ = {isa = PBXFileReference; fileEncoding = 4; lastKnownFileType = sourcecode.c.objc; path = Diagnosis.m; sourceTree = "<group>"; };
		9EA6CDFD1607B61800396518 /* DetailDiagnosis.h */ = {isa = PBXFileReference; fileEncoding = 4; lastKnownFileType = sourcecode.c.h; path = DetailDiagnosis.h; sourceTree = "<group>"; };
		9EA6CDFE1607B61800396518 /* DetailDiagnosis.m */ = {isa = PBXFileReference; fileEncoding = 4; lastKnownFileType = sourcecode.c.objc; path = DetailDiagnosis.m; sourceTree = "<group>"; };
		9EC143A516EC453F003F1166 /* YDPHelpViewController.h */ = {isa = PBXFileReference; fileEncoding = 4; lastKnownFileType = sourcecode.c.h; path = YDPHelpViewController.h; sourceTree = "<group>"; };
		9EC143A616EC453F003F1166 /* YDPHelpViewController.m */ = {isa = PBXFileReference; fileEncoding = 4; lastKnownFileType = sourcecode.c.objc; path = YDPHelpViewController.m; sourceTree = "<group>"; };
		9EC143A716EC453F003F1166 /* YDPHelpViewController.xib */ = {isa = PBXFileReference; fileEncoding = 4; lastKnownFileType = file.xib; path = YDPHelpViewController.xib; sourceTree = "<group>"; };
		9EC143AC16EC9AC5003F1166 /* YDPWebUtil.js */ = {isa = PBXFileReference; fileEncoding = 4; lastKnownFileType = sourcecode.javascript; path = YDPWebUtil.js; sourceTree = "<group>"; };
		9ED250AE16ECEDF8000DF2EF /* Active.png */ = {isa = PBXFileReference; lastKnownFileType = image.png; path = Active.png; sourceTree = "<group>"; };
		9ED250AF16ECEDF8000DF2EF /* Inactive.png */ = {isa = PBXFileReference; lastKnownFileType = image.png; path = Inactive.png; sourceTree = "<group>"; };
		9EE03ADA157E68290000FF3C /* CoreLocation.framework */ = {isa = PBXFileReference; lastKnownFileType = wrapper.framework; name = CoreLocation.framework; path = System/Library/Frameworks/CoreLocation.framework; sourceTree = SDKROOT; };
		9EE03ADD157E68330000FF3C /* MapKit.framework */ = {isa = PBXFileReference; lastKnownFileType = wrapper.framework; name = MapKit.framework; path = System/Library/Frameworks/MapKit.framework; sourceTree = SDKROOT; };
		9EEF339D157B38CB00879458 /* NotifyYDP.app */ = {isa = PBXFileReference; explicitFileType = wrapper.application; includeInIndex = 0; path = NotifyYDP.app; sourceTree = BUILT_PRODUCTS_DIR; };
		9EEF33A1157B38CB00879458 /* UIKit.framework */ = {isa = PBXFileReference; lastKnownFileType = wrapper.framework; name = UIKit.framework; path = System/Library/Frameworks/UIKit.framework; sourceTree = SDKROOT; };
		9EEF33A3157B38CB00879458 /* Foundation.framework */ = {isa = PBXFileReference; lastKnownFileType = wrapper.framework; name = Foundation.framework; path = System/Library/Frameworks/Foundation.framework; sourceTree = SDKROOT; };
		9EEF33A5157B38CB00879458 /* CoreGraphics.framework */ = {isa = PBXFileReference; lastKnownFileType = wrapper.framework; name = CoreGraphics.framework; path = System/Library/Frameworks/CoreGraphics.framework; sourceTree = SDKROOT; };
		9EEF3465157BD44100879458 /* QuartzCore.framework */ = {isa = PBXFileReference; lastKnownFileType = wrapper.framework; name = QuartzCore.framework; path = System/Library/Frameworks/QuartzCore.framework; sourceTree = SDKROOT; };
		9EEF3467157BD45300879458 /* CoreMedia.framework */ = {isa = PBXFileReference; lastKnownFileType = wrapper.framework; name = CoreMedia.framework; path = System/Library/Frameworks/CoreMedia.framework; sourceTree = SDKROOT; };
		9EEF3469157BD46300879458 /* CoreVideo.framework */ = {isa = PBXFileReference; lastKnownFileType = wrapper.framework; name = CoreVideo.framework; path = System/Library/Frameworks/CoreVideo.framework; sourceTree = SDKROOT; };
		9EEF346B157BD47D00879458 /* AVFoundation.framework */ = {isa = PBXFileReference; lastKnownFileType = wrapper.framework; name = AVFoundation.framework; path = System/Library/Frameworks/AVFoundation.framework; sourceTree = SDKROOT; };
		9EEF346D157BD49500879458 /* libiconv.dylib */ = {isa = PBXFileReference; lastKnownFileType = "compiled.mach-o.dylib"; name = libiconv.dylib; path = usr/lib/libiconv.dylib; sourceTree = SDKROOT; };
/* End PBXFileReference section */

/* Begin PBXFrameworksBuildPhase section */
		9EEF339A157B38CB00879458 /* Frameworks */ = {
			isa = PBXFrameworksBuildPhase;
			buildActionMask = 2147483647;
			files = (
				9E2434DF157FD0A700F43B96 /* MessageUI.framework in Frameworks */,
				9EE03ADE157E68330000FF3C /* MapKit.framework in Frameworks */,
				9EE03ADB157E68290000FF3C /* CoreLocation.framework in Frameworks */,
				9EEF346E157BD49500879458 /* libiconv.dylib in Frameworks */,
				9EEF346C157BD47D00879458 /* AVFoundation.framework in Frameworks */,
				9EEF346A157BD46300879458 /* CoreVideo.framework in Frameworks */,
				9EEF3468157BD45400879458 /* CoreMedia.framework in Frameworks */,
				9EEF3466157BD44100879458 /* QuartzCore.framework in Frameworks */,
				9EEF33A2157B38CB00879458 /* UIKit.framework in Frameworks */,
				9EEF33A4157B38CB00879458 /* Foundation.framework in Frameworks */,
				9EEF33A6157B38CB00879458 /* CoreGraphics.framework in Frameworks */,
				9E63040815D97E8E00E7BC66 /* libzbar.a in Frameworks */,
			);
			runOnlyForDeploymentPostprocessing = 0;
		};
/* End PBXFrameworksBuildPhase section */

/* Begin PBXGroup section */
		9E63037F15D97E8E00E7BC66 /* NotifyYDP */ = {
			isa = PBXGroup;
			children = (
				9EC143AB16EC9AC5003F1166 /* JavaScript */,
				9EC143AA16EC4648003F1166 /* Notify YDP */,
				9E63038015D97E8E00E7BC66 /* CarePlan */,
				9E63038915D97E8E00E7BC66 /* InfoPlist.strings */,
				9E63038D15D97E8E00E7BC66 /* Images */,
				9E63039A15D97E8E00E7BC66 /* main.m */,
				9E63039B15D97E8E00E7BC66 /* MKMapView+ZoomLevel.h */,
				9E63039C15D97E8E00E7BC66 /* MKMapView+ZoomLevel.m */,
				9E63039D15D97E8E00E7BC66 /* Models */,
				9E6303A415D97E8E00E7BC66 /* NotifyYDP-Info.plist */,
				9E6303A515D97E8E00E7BC66 /* NotifyYDP-Prefix.pch */,
				9E6303AC15D97E8E00E7BC66 /* Utility Files */,
			);
			path = NotifyYDP;
			sourceTree = "<group>";
		};
		9E63038015D97E8E00E7BC66 /* CarePlan */ = {
			isa = PBXGroup;
			children = (
				9E63038315D97E8E00E7BC66 /* YDPLogin.h */,
				9E63038415D97E8E00E7BC66 /* YDPLogin.m */,
				9E63038515D97E8E00E7BC66 /* YDPLogin.xib */,
				9E63038615D97E8E00E7BC66 /* YDPCarePlanViewController.h */,
				9E63038715D97E8E00E7BC66 /* YDPCarePlanViewController.m */,
				9E63038815D97E8E00E7BC66 /* YDPCarePlanViewController.xib */,
			);
			path = CarePlan;
			sourceTree = "<group>";
		};
		9E63038D15D97E8E00E7BC66 /* Images */ = {
			isa = PBXGroup;
			children = (
				9ED250AE16ECEDF8000DF2EF /* Active.png */,
				9ED250AF16ECEDF8000DF2EF /* Inactive.png */,
				9E5177111652C03F009A339A /* Default-568h@2x.png */,
				9E63038E15D97E8E00E7BC66 /* all.png */,
				9E63038F15D97E8E00E7BC66 /* app_icon.png */,
				9E63039015D97E8E00E7BC66 /* app_icon@2x.png */,
				9E63039115D97E8E00E7BC66 /* background_image.png */,
				9E63039215D97E8E00E7BC66 /* background_image@2x.png */,
				9E63039315D97E8E00E7BC66 /* Default.png */,
				9E63039415D97E8E00E7BC66 /* Default@2x.png */,
				9E63039515D97E8E00E7BC66 /* faves.png */,
				9E63039615D97E8E00E7BC66 /* launch_image.png */,
				9E63039715D97E8E00E7BC66 /* launch_image@2x.png */,
				9E63039815D97E8E00E7BC66 /* tab_icon.png */,
				9E63039915D97E8E00E7BC66 /* tab_icon@2x.png */,
			);
			path = Images;
			sourceTree = "<group>";
		};
		9E63039D15D97E8E00E7BC66 /* Models */ = {
			isa = PBXGroup;
			children = (
				9E63039E15D97E8E00E7BC66 /* PatientModel.h */,
				9E63039F15D97E8E00E7BC66 /* PatientModel.m */,
				9E6303A015D97E8E00E7BC66 /* PhysicionModel.h */,
				9E6303A115D97E8E00E7BC66 /* PhysicionModel.m */,
				9E6303A215D97E8E00E7BC66 /* YDPDataModel.h */,
				9E6303A315D97E8E00E7BC66 /* YDPDataModel.m */,
				9EA6CDF71607B4C900396518 /* CarePlaneModel.h */,
				9EA6CDF81607B4C900396518 /* CarePlaneModel.m */,
				9EA6CDFA1607B52000396518 /* Diagnosis.h */,
				9EA6CDFB1607B52000396518 /* Diagnosis.m */,
				9EA6CDFD1607B61800396518 /* DetailDiagnosis.h */,
				9EA6CDFE1607B61800396518 /* DetailDiagnosis.m */,
			);
			path = Models;
			sourceTree = "<group>";
		};
		9E6303AC15D97E8E00E7BC66 /* Utility Files */ = {
			isa = PBXGroup;
			children = (
				9E63038115D97E8E00E7BC66 /* MBProgressHUD.h */,
				9E63038215D97E8E00E7BC66 /* MBProgressHUD.m */,
				9E6303AD15D97E8E00E7BC66 /* AES256 */,
				9E6303B215D97E8E00E7BC66 /* AutoScrollLabel.h */,
				9E6303B315D97E8E00E7BC66 /* AutoScrollLabel.m */,
				9E6303B415D97E8E00E7BC66 /* JSON */,
			);
			path = "Utility Files";
			sourceTree = "<group>";
		};
		9E6303AD15D97E8E00E7BC66 /* AES256 */ = {
			isa = PBXGroup;
			children = (
				9E6303AE15D97E8E00E7BC66 /* Cipher.h */,
				9E6303AF15D97E8E00E7BC66 /* Cipher.m */,
				9E6303B015D97E8E00E7BC66 /* NSData+Base64.h */,
				9E6303B115D97E8E00E7BC66 /* NSData+Base64.m */,
			);
			path = AES256;
			sourceTree = "<group>";
		};
		9E6303B415D97E8E00E7BC66 /* JSON */ = {
			isa = PBXGroup;
			children = (
				9E6303B515D97E8E00E7BC66 /* JSON.h */,
				9E6303B615D97E8E00E7BC66 /* NSObject+SBJSON.h */,
				9E6303B715D97E8E00E7BC66 /* NSObject+SBJSON.m */,
				9E6303B815D97E8E00E7BC66 /* NSString+SBJSON.h */,
				9E6303B915D97E8E00E7BC66 /* NSString+SBJSON.m */,
				9E6303BA15D97E8E00E7BC66 /* SBJSON.h */,
				9E6303BB15D97E8E00E7BC66 /* SBJSON.m */,
				9E6303BC15D97E8E00E7BC66 /* SBJsonBase.h */,
				9E6303BD15D97E8E00E7BC66 /* SBJsonBase.m */,
				9E6303BE15D97E8E00E7BC66 /* SBJsonParser.h */,
				9E6303BF15D97E8E00E7BC66 /* SBJsonParser.m */,
				9E6303C015D97E8E00E7BC66 /* SBJsonWriter.h */,
				9E6303C115D97E8E00E7BC66 /* SBJsonWriter.m */,
			);
			path = JSON;
			sourceTree = "<group>";
		};
		9E6303C615D97E8E00E7BC66 /* ZBarSDK */ = {
			isa = PBXGroup;
			children = (
				9E6303C715D97E8E00E7BC66 /* Headers */,
				9E6303DE15D97E8E00E7BC66 /* libzbar.a */,
				9E6303DF15D97E8E00E7BC66 /* Resources */,
			);
			path = ZBarSDK;
			sourceTree = "<group>";
		};
		9E6303C715D97E8E00E7BC66 /* Headers */ = {
			isa = PBXGroup;
			children = (
				9E6303C815D97E8E00E7BC66 /* ZBarSDK */,
			);
			path = Headers;
			sourceTree = "<group>";
		};
		9E6303C815D97E8E00E7BC66 /* ZBarSDK */ = {
			isa = PBXGroup;
			children = (
				9E6303C915D97E8E00E7BC66 /* zbar */,
				9E6303D315D97E8E00E7BC66 /* zbar.h */,
				9E6303D415D97E8E00E7BC66 /* ZBarCameraSimulator.h */,
				9E6303D515D97E8E00E7BC66 /* ZBarCaptureReader.h */,
				9E6303D615D97E8E00E7BC66 /* ZBarHelpController.h */,
				9E6303D715D97E8E00E7BC66 /* ZBarImage.h */,
				9E6303D815D97E8E00E7BC66 /* ZBarImageScanner.h */,
				9E6303D915D97E8E00E7BC66 /* ZBarReaderController.h */,
				9E6303DA15D97E8E00E7BC66 /* ZBarReaderView.h */,
				9E6303DB15D97E8E00E7BC66 /* ZBarReaderViewController.h */,
				9E6303DC15D97E8E00E7BC66 /* ZBarSDK.h */,
				9E6303DD15D97E8E00E7BC66 /* ZBarSymbol.h */,
			);
			path = ZBarSDK;
			sourceTree = "<group>";
		};
		9E6303C915D97E8E00E7BC66 /* zbar */ = {
			isa = PBXGroup;
			children = (
				9E6303CA15D97E8E00E7BC66 /* Decoder.h */,
				9E6303CB15D97E8E00E7BC66 /* Exception.h */,
				9E6303CC15D97E8E00E7BC66 /* Image.h */,
				9E6303CD15D97E8E00E7BC66 /* ImageScanner.h */,
				9E6303CE15D97E8E00E7BC66 /* Processor.h */,
				9E6303CF15D97E8E00E7BC66 /* Scanner.h */,
				9E6303D015D97E8E00E7BC66 /* Symbol.h */,
				9E6303D115D97E8E00E7BC66 /* Video.h */,
				9E6303D215D97E8E00E7BC66 /* Window.h */,
			);
			path = zbar;
			sourceTree = "<group>";
		};
		9E6303DF15D97E8E00E7BC66 /* Resources */ = {
			isa = PBXGroup;
			children = (
			);
			path = Resources;
			sourceTree = "<group>";
		};
		9EC143AA16EC4648003F1166 /* Notify YDP */ = {
			isa = PBXGroup;
			children = (
				9EC143A516EC453F003F1166 /* YDPHelpViewController.h */,
				9EC143A616EC453F003F1166 /* YDPHelpViewController.m */,
				9EC143A716EC453F003F1166 /* YDPHelpViewController.xib */,
				9E6303C215D97E8E00E7BC66 /* YDPAppDelegate.h */,
				9E6303C315D97E8E00E7BC66 /* YDPAppDelegate.m */,
				9E6303C415D97E8E00E7BC66 /* YDPViewController.h */,
				9E6303C515D97E8E00E7BC66 /* YDPViewController.m */,
				9E63038B15D97E8E00E7BC66 /* YDPViewController.xib */,
			);
			name = "Notify YDP";
			sourceTree = "<group>";
		};
		9EC143AB16EC9AC5003F1166 /* JavaScript */ = {
			isa = PBXGroup;
			children = (
				9EC143AC16EC9AC5003F1166 /* YDPWebUtil.js */,
			);
			path = JavaScript;
			sourceTree = "<group>";
		};
		9EEF3392157B38CB00879458 = {
			isa = PBXGroup;
			children = (
				9E5177131652C0C6009A339A /* Default-568h@2x.png */,
				9E63037F15D97E8E00E7BC66 /* NotifyYDP */,
				9E6303C615D97E8E00E7BC66 /* ZBarSDK */,
				9EEF33A0157B38CB00879458 /* Frameworks */,
				9EEF339E157B38CB00879458 /* Products */,
			);
			sourceTree = "<group>";
		};
		9EEF339E157B38CB00879458 /* Products */ = {
			isa = PBXGroup;
			children = (
				9EEF339D157B38CB00879458 /* NotifyYDP.app */,
			);
			name = Products;
			sourceTree = "<group>";
		};
		9EEF33A0157B38CB00879458 /* Frameworks */ = {
			isa = PBXGroup;
			children = (
				9EEF346D157BD49500879458 /* libiconv.dylib */,
				9E2434DE157FD0A700F43B96 /* MessageUI.framework */,
				9EE03ADD157E68330000FF3C /* MapKit.framework */,
				9EE03ADA157E68290000FF3C /* CoreLocation.framework */,
				9EEF346B157BD47D00879458 /* AVFoundation.framework */,
				9EEF3469157BD46300879458 /* CoreVideo.framework */,
				9EEF3467157BD45300879458 /* CoreMedia.framework */,
				9EEF3465157BD44100879458 /* QuartzCore.framework */,
				9EEF33A1157B38CB00879458 /* UIKit.framework */,
				9EEF33A3157B38CB00879458 /* Foundation.framework */,
				9EEF33A5157B38CB00879458 /* CoreGraphics.framework */,
			);
			name = Frameworks;
			sourceTree = "<group>";
		};
/* End PBXGroup section */

/* Begin PBXNativeTarget section */
		9EEF339C157B38CB00879458 /* NotifyYDP */ = {
			isa = PBXNativeTarget;
			buildConfigurationList = 9EEF33BB157B38CC00879458 /* Build configuration list for PBXNativeTarget "NotifyYDP" */;
			buildPhases = (
				9EEF3399157B38CB00879458 /* Sources */,
				9EEF339A157B38CB00879458 /* Frameworks */,
				9EEF339B157B38CB00879458 /* Resources */,
			);
			buildRules = (
			);
			dependencies = (
			);
			name = NotifyYDP;
			productName = NotifyYDP;
			productReference = 9EEF339D157B38CB00879458 /* NotifyYDP.app */;
			productType = "com.apple.product-type.application";
		};
/* End PBXNativeTarget section */

/* Begin PBXProject section */
		9EEF3394157B38CB00879458 /* Project object */ = {
			isa = PBXProject;
			attributes = {
				LastUpgradeCheck = 0450;
			};
			buildConfigurationList = 9EEF3397157B38CB00879458 /* Build configuration list for PBXProject "NotifyYDP" */;
			compatibilityVersion = "Xcode 3.2";
			developmentRegion = English;
			hasScannedForEncodings = 0;
			knownRegions = (
				en,
			);
			mainGroup = 9EEF3392157B38CB00879458;
			productRefGroup = 9EEF339E157B38CB00879458 /* Products */;
			projectDirPath = "";
			projectRoot = "";
			targets = (
				9EEF339C157B38CB00879458 /* NotifyYDP */,
			);
		};
/* End PBXProject section */

/* Begin PBXResourcesBuildPhase section */
		9EEF339B157B38CB00879458 /* Resources */ = {
			isa = PBXResourcesBuildPhase;
			buildActionMask = 2147483647;
			files = (
				9EC143AE16EC9F95003F1166 /* YDPWebUtil.js in Resources */,
				9E6303E215D97E8E00E7BC66 /* YDPLogin.xib in Resources */,
				9E6303E415D97E8E00E7BC66 /* YDPCarePlanViewController.xib in Resources */,
				9E6303E515D97E8E00E7BC66 /* InfoPlist.strings in Resources */,
				9E6303E615D97E8E00E7BC66 /* YDPViewController.xib in Resources */,
				9E6303E715D97E8E00E7BC66 /* all.png in Resources */,
				9E6303E815D97E8E00E7BC66 /* app_icon.png in Resources */,
				9E6303E915D97E8E00E7BC66 /* app_icon@2x.png in Resources */,
				9E6303EA15D97E8E00E7BC66 /* background_image.png in Resources */,
				9E6303EB15D97E8E00E7BC66 /* background_image@2x.png in Resources */,
				9E6303EC15D97E8E00E7BC66 /* Default.png in Resources */,
				9E6303ED15D97E8E00E7BC66 /* Default@2x.png in Resources */,
				9E6303EE15D97E8E00E7BC66 /* faves.png in Resources */,
				9E6303EF15D97E8E00E7BC66 /* launch_image.png in Resources */,
				9E6303F015D97E8E00E7BC66 /* launch_image@2x.png in Resources */,
				9E6303F115D97E8E00E7BC66 /* tab_icon.png in Resources */,
				9E6303F215D97E8E00E7BC66 /* tab_icon@2x.png in Resources */,
				9E5177151652C620009A339A /* Default-568h@2x.png in Resources */,
				9EC143A916EC453F003F1166 /* YDPHelpViewController.xib in Resources */,
				9ED250B016ECEDF8000DF2EF /* Active.png in Resources */,
				9ED250B116ECEDF8000DF2EF /* Inactive.png in Resources */,
			);
			runOnlyForDeploymentPostprocessing = 0;
		};
/* End PBXResourcesBuildPhase section */

/* Begin PBXSourcesBuildPhase section */
		9EEF3399157B38CB00879458 /* Sources */ = {
			isa = PBXSourcesBuildPhase;
			buildActionMask = 2147483647;
			files = (
				9E6303E015D97E8E00E7BC66 /* MBProgressHUD.m in Sources */,
				9E6303E115D97E8E00E7BC66 /* YDPLogin.m in Sources */,
				9E6303E315D97E8E00E7BC66 /* YDPCarePlanViewController.m in Sources */,
				9E6303F315D97E8E00E7BC66 /* main.m in Sources */,
				9E6303F415D97E8E00E7BC66 /* MKMapView+ZoomLevel.m in Sources */,
				9E6303F515D97E8E00E7BC66 /* PatientModel.m in Sources */,
				9E6303F615D97E8E00E7BC66 /* PhysicionModel.m in Sources */,
				9E6303F715D97E8E00E7BC66 /* YDPDataModel.m in Sources */,
				9E6303FD15D97E8E00E7BC66 /* Cipher.m in Sources */,
				9E6303FE15D97E8E00E7BC66 /* NSData+Base64.m in Sources */,
				9E6303FF15D97E8E00E7BC66 /* AutoScrollLabel.m in Sources */,
				9E63040015D97E8E00E7BC66 /* NSObject+SBJSON.m in Sources */,
				9E63040115D97E8E00E7BC66 /* NSString+SBJSON.m in Sources */,
				9E63040215D97E8E00E7BC66 /* SBJSON.m in Sources */,
				9E63040315D97E8E00E7BC66 /* SBJsonBase.m in Sources */,
				9E63040415D97E8E00E7BC66 /* SBJsonParser.m in Sources */,
				9E63040515D97E8E00E7BC66 /* SBJsonWriter.m in Sources */,
				9E63040615D97E8E00E7BC66 /* YDPAppDelegate.m in Sources */,
				9E63040715D97E8E00E7BC66 /* YDPViewController.m in Sources */,
				9EA6CDF91607B4C900396518 /* CarePlaneModel.m in Sources */,
				9EA6CDFC1607B52000396518 /* Diagnosis.m in Sources */,
				9EA6CDFF1607B61800396518 /* DetailDiagnosis.m in Sources */,
				9EC143A816EC453F003F1166 /* YDPHelpViewController.m in Sources */,
				9EC143AD16EC9AC5003F1166 /* YDPWebUtil.js in Sources */,
			);
			runOnlyForDeploymentPostprocessing = 0;
		};
/* End PBXSourcesBuildPhase section */

/* Begin PBXVariantGroup section */
		9E63038915D97E8E00E7BC66 /* InfoPlist.strings */ = {
			isa = PBXVariantGroup;
			children = (
				9E63038A15D97E8E00E7BC66 /* en */,
			);
			name = InfoPlist.strings;
			sourceTree = "<group>";
		};
		9E63038B15D97E8E00E7BC66 /* YDPViewController.xib */ = {
			isa = PBXVariantGroup;
			children = (
				9E63038C15D97E8E00E7BC66 /* en */,
			);
			name = YDPViewController.xib;
			sourceTree = "<group>";
		};
/* End PBXVariantGroup section */

/* Begin XCBuildConfiguration section */
		9EEF33B9157B38CC00879458 /* Debug */ = {
			isa = XCBuildConfiguration;
			buildSettings = {
				ALWAYS_SEARCH_USER_PATHS = NO;
				ARCHS = "$(ARCHS_STANDARD_32_BIT)";
				CLANG_ENABLE_OBJC_ARC = YES;
				"CODE_SIGN_IDENTITY[sdk=iphoneos*]" = "iPhone Developer";
				COPY_PHASE_STRIP = NO;
				GCC_C_LANGUAGE_STANDARD = gnu99;
				GCC_DYNAMIC_NO_PIC = NO;
				GCC_OPTIMIZATION_LEVEL = 0;
				GCC_PREPROCESSOR_DEFINITIONS = (
					"DEBUG=1",
					"$(inherited)",
				);
				GCC_SYMBOLS_PRIVATE_EXTERN = NO;
				GCC_VERSION = com.apple.compilers.llvm.clang.1_0;
				GCC_WARN_ABOUT_MISSING_PROTOTYPES = YES;
				GCC_WARN_ABOUT_RETURN_TYPE = YES;
				GCC_WARN_UNUSED_VARIABLE = YES;
				IPHONEOS_DEPLOYMENT_TARGET = 4.0;
				SDKROOT = iphoneos;
				VALID_ARCHS = armv7;
			};
			name = Debug;
		};
		9EEF33BA157B38CC00879458 /* Release */ = {
			isa = XCBuildConfiguration;
			buildSettings = {
				ALWAYS_SEARCH_USER_PATHS = NO;
				ARCHS = "$(ARCHS_STANDARD_32_BIT)";
				CLANG_ENABLE_OBJC_ARC = YES;
				"CODE_SIGN_IDENTITY[sdk=iphoneos*]" = "iPhone Developer";
				COPY_PHASE_STRIP = YES;
				GCC_C_LANGUAGE_STANDARD = gnu99;
				GCC_VERSION = com.apple.compilers.llvm.clang.1_0;
				GCC_WARN_ABOUT_MISSING_PROTOTYPES = YES;
				GCC_WARN_ABOUT_RETURN_TYPE = YES;
				GCC_WARN_UNUSED_VARIABLE = YES;
				IPHONEOS_DEPLOYMENT_TARGET = 4.0;
				OTHER_CFLAGS = "-DNS_BLOCK_ASSERTIONS=1";
				SDKROOT = iphoneos;
				VALIDATE_PRODUCT = YES;
				VALID_ARCHS = armv7;
			};
			name = Release;
		};
		9EEF33BC157B38CC00879458 /* Debug */ = {
			isa = XCBuildConfiguration;
			buildSettings = {
				CLANG_ENABLE_OBJC_ARC = YES;
				CODE_SIGN_IDENTITY = "iPhone Developer: Adinarayana Kadapa (EG7HNGY35M)";
				"CODE_SIGN_IDENTITY[sdk=iphoneos*]" = "iPhone Developer: Adinarayana Kadapa (EG7HNGY35M)";
				GCC_PRECOMPILE_PREFIX_HEADER = YES;
				GCC_PREFIX_HEADER = "NotifyYDP/NotifyYDP-Prefix.pch";
				INFOPLIST_FILE = "NotifyYDP/NotifyYDP-Info.plist";
				IPHONEOS_DEPLOYMENT_TARGET = 5.0;
				LIBRARY_SEARCH_PATHS = (
					"$(inherited)",
					"\"$(SRCROOT)/ZBarSDK\"/**",
					"\"$(SRCROOT)/ZBarSDK\"",
				);
				OTHER_CODE_SIGN_FLAGS = "";
				PRODUCT_NAME = "$(TARGET_NAME)";
				PROVISIONING_PROFILE = "5C179D0B-24CD-4791-BF44-EC5DD51FB8C1";
				"PROVISIONING_PROFILE[sdk=iphoneos*]" = "5C179D0B-24CD-4791-BF44-EC5DD51FB8C1";
				VALID_ARCHS = armv7;
				WRAPPER_EXTENSION = app;
			};
			name = Debug;
		};
		9EEF33BD157B38CC00879458 /* Release */ = {
			isa = XCBuildConfiguration;
			buildSettings = {
				CLANG_ENABLE_OBJC_ARC = YES;
				CODE_SIGN_IDENTITY = "iPhone Distribution: Adinarayana Kadapa";
				"CODE_SIGN_IDENTITY[sdk=iphoneos*]" = "iPhone Distribution: Adinarayana Kadapa";
				GCC_PRECOMPILE_PREFIX_HEADER = YES;
				GCC_PREFIX_HEADER = "NotifyYDP/NotifyYDP-Prefix.pch";
				INFOPLIST_FILE = "NotifyYDP/NotifyYDP-Info.plist";
				IPHONEOS_DEPLOYMENT_TARGET = 5.0;
				LIBRARY_SEARCH_PATHS = (
					"$(inherited)",
					"\"$(SRCROOT)/ZBarSDK\"/**",
					"\"$(SRCROOT)/ZBarSDK\"",
				);
				OTHER_CODE_SIGN_FLAGS = "";
				PRODUCT_NAME = "$(TARGET_NAME)";
				PROVISIONING_PROFILE = "4009E75E-2BFC-47F4-B017-68A66602EB0C";
				"PROVISIONING_PROFILE[sdk=iphoneos*]" = "4009E75E-2BFC-47F4-B017-68A66602EB0C";
				VALID_ARCHS = armv7;
				WRAPPER_EXTENSION = app;
			};
			name = Release;
		};
/* End XCBuildConfiguration section */

/* Begin XCConfigurationList section */
		9EEF3397157B38CB00879458 /* Build configuration list for PBXProject "NotifyYDP" */ = {
			isa = XCConfigurationList;
			buildConfigurations = (
				9EEF33B9157B38CC00879458 /* Debug */,
				9EEF33BA157B38CC00879458 /* Release */,
			);
			defaultConfigurationIsVisible = 0;
			defaultConfigurationName = Release;
		};
		9EEF33BB157B38CC00879458 /* Build configuration list for PBXNativeTarget "NotifyYDP" */ = {
			isa = XCConfigurationList;
			buildConfigurations = (
				9EEF33BC157B38CC00879458 /* Debug */,
				9EEF33BD157B38CC00879458 /* Release */,
			);
			defaultConfigurationIsVisible = 0;
			defaultConfigurationName = Release;
		};
/* End XCConfigurationList section */
	};
	rootObject = 9EEF3394157B38CB00879458 /* Project object */;
}
